{
    "_readme": [
        "This file locks the dependencies of your project to a known state",
        "Read more about it at https://getcomposer.org/doc/01-basic-usage.md#installing-dependencies",
        "This file is @generated automatically"
    ],
    "content-hash": "aef543624f48647259c17648b60ccd03",
    "packages": [
        {
            "name": "webmozart/assert",
            "version": "1.12.1",
            "source": {
                "type": "git",
                "url": "https://github.com/webmozarts/assert.git",
                "reference": "9be6926d8b485f55b9229203f962b51ed377ba68"
            },
            "dist": {
                "type": "zip",
                "url": "https://api.github.com/repos/webmozarts/assert/zipball/9be6926d8b485f55b9229203f962b51ed377ba68",
                "reference": "9be6926d8b485f55b9229203f962b51ed377ba68",
                "shasum": ""
            },
            "require": {
                "ext-ctype": "*",
                "ext-date": "*",
                "ext-filter": "*",
                "php": "^7.2 || ^8.0"
            },
            "suggest": {
                "ext-intl": "",
                "ext-simplexml": "",
                "ext-spl": ""
            },
            "type": "library",
            "extra": {
                "branch-alias": {
                    "dev-master": "1.10-dev"
                }
            },
            "autoload": {
                "psr-4": {
                    "Webmozart\\Assert\\": "src/"
                }
            },
            "notification-url": "https://packagist.org/downloads/",
            "license": [
                "MIT"
            ],
            "authors": [
                {
                    "name": "Bernhard Schussek",
                    "email": "bschussek@gmail.com"
                }
            ],
            "description": "Assertions to validate method input/output with nice error messages.",
            "keywords": [
                "assert",
                "check",
                "validate"
            ],
            "support": {
                "issues": "https://github.com/webmozarts/assert/issues",
                "source": "https://github.com/webmozarts/assert/tree/1.12.1"
            },
            "time": "2025-10-29T15:56:20+00:00"
        }
    ],
    "packages-dev": [
        {
            "name": "symfony/polyfill-php82",
            "version": "v1.38.1",
            "source": {
                "type": "git",
                "url": "https://github.com/symfony/polyfill-php82.git",
                "reference": "002dc0cfe5fd4ed6033d48f27d4f19a486c4b04b"
            },
            "dist": {
                "type": "zip",
                "url": "https://api.github.com/repos/symfony/polyfill-php82/zipball/002dc0cfe5fd4ed6033d48f27d4f19a486c4b04b",
                "reference": "002dc0cfe5fd4ed6033d48f27d4f19a486c4b04b",
                "shasum": ""
            },
            "require": {
                "php": ">=7.2"
            },
            "type": "library",
            "extra": {
                "thanks": {
                    "url": "https://github.com/symfony/polyfill",
                    "name": "symfony/polyfill"
                }
            },
            "autoload": {
                "files": [
                    "bootstrap.php"
                ],
                "psr-4": {
                    "Symfony\\Polyfill\\Php82\\": ""
                },
                "classmap": [
                    "Resources/stubs"
                ]
            },
            "notification-url": "https://packagist.org/downloads/",
            "license": [
                "MIT"
            ],
            "authors": [
                {
                    "name": "Nicolas Grekas",
                    "email": "p@tchwork.com"
                },
                {
                    "name": "Symfony Community",
                    "homepage": "https://symfony.com/contributors"
                }
            ],
            "description": "Symfony polyfill backporting some PHP 8.2+ features to lower PHP versions",
            "homepage": "https://symfony.com",
            "keywords": [
                "compatibility",
                "polyfill",
                "portable",
                "shim"
            ],
            "support": {
                "source": "https://github.com/symfony/polyfill-php82/tree/v1.38.1"
            },
            "funding": [
                {
                    "url": "https://symfony.com/sponsor",
                    "type": "custom"
                },
                {
                    "url": "https://github.com/fabpot",
                    "type": "github"
                },
                {
                    "url": "https://github.com/nicolas-grekas",
                    "type": "github"
                },
                {
                    "url": "https://tidelift.com/funding/github/packagist/symfony/symfony",
                    "type": "tidelift"
                }
            ],
            "time": "2026-05-26T12:45:58+00:00"
        },
        {
            "name": "systopia/civicrm-test-fixtures",
            "version": "dev-main",
            "source": {
                "type": "git",
                "url": "https://github.com/systopia/civicrm-test-fixtures.git",
                "reference": "093aa66e747d4d11f95e6faefc1c62e559925b75"
            },
            "dist": {
                "type": "zip",
                "url": "https://api.github.com/repos/systopia/civicrm-test-fixtures/zipball/093aa66e747d4d11f95e6faefc1c62e559925b75",
                "reference": "093aa66e747d4d11f95e6faefc1c62e559925b75",
                "shasum": ""
            },
            "require": {
                "php": ">=8.1",
                "symfony/polyfill-php82": "^1.29"
            },
            "require-dev": {
                "civicrm/civicrm-core": ">=5.76",
                "civicrm/civicrm-packages": ">=5.76",
                "civicrm/composer-compile-plugin": "^0.22",
                "drupal/coder": "dev-8.x-2.x-civi",
                "friendsofphp/php-cs-fixer": "^3.94",
                "phpstan/phpstan": "^2.1",
                "phpunit/phpunit": "^9.6",
                "rector/rector": "^2.3",
                "squizlabs/php_codesniffer": "^3.13"
            },
            "default-branch": true,
            "type": "library",
            "autoload": {
                "psr-4": {
                    "Systopia\\TestFixtures\\": "src/",
                    "Systopia\\TestFixtures\\Tests\\": "tests/phpunit/"
                }
            },
            "notification-url": "https://packagist.org/downloads/",
            "license": [
                "AGPL-3.0-or-later"
            ],
            "authors": [
                {
                    "name": "SYSTOPIA",
                    "email": "info@systopia.de",
                    "homepage": "https://www.systopia.de"
                }
            ],
            "description": "Reusable PHPUnit fixtures for CiviCRM extensions",
            "support": {
                "issues": "https://github.com/systopia/civicrm-test-fixtures/issues",
                "source": "https://github.com/systopia/civicrm-test-fixtures/tree/main"
            },
            "time": "2026-03-26T15:48:34+00:00"
        },
        {
            "name": "systopia/civicrm-test-fixtures-sepa",
            "version": "dev-main",
            "dist": {
                "type": "path",
                "url": "/home/dominic/repositories/civicrm-test-fixtures-sepa",
                "reference": "ace164f8f83f43a0c4d0d6dc6fa8f11f81c79ada"
            },
            "require": {
                "php": ">=8.1",
                "symfony/polyfill-php82": "^1.29",
                "systopia/civicrm-test-fixtures": "dev-main"
            },
            "require-dev": {
                "civicrm/civicrm-core": ">=5.81",
                "civicrm/civicrm-packages": ">=5.81",
                "civicrm/composer-compile-plugin": "^0.22",
                "drupal/coder": "dev-8.x-2.x-civi",
                "friendsofphp/php-cs-fixer": "^3.94",
                "phpstan/phpstan": "^2.1",
                "phpunit/phpunit": "^9.6",
                "rector/rector": "^2.3",
                "squizlabs/php_codesniffer": "^3.13"
            },
            "type": "library",
            "extra": {
                "compile-whitelist": [
                    "civicrm/civicrm-core",
                    "civicrm/composer-compile-lib"
                ]
            },
            "autoload": {
                "psr-4": {
                    "Systopia\\TestFixtures\\": "src/",
                    "Systopia\\TestFixtures\\Tests\\": "tests/phpunit/"
                }
            },
            "autoload-dev": {
                "psr-4": {
                    "Systopia\\TestFixtures\\Tests\\": "tests/phpunit/"
                }
            },
            "scripts": {
                "phpstan": [
                    "@php ./vendor/bin/phpstan -v"
                ],
                "phpcs": [
                    "@php ./vendor/bin/phpcs"
                ],
                "phpcbf": [
                    "@php ./vendor/bin/phpcbf"
                ],
                "phpunit": [
                    "@php ./vendor/bin/phpunit --coverage-text"
                ],
                "phpunit:html": [
                    "@php ./vendor/bin/phpunit --coverage-html /var/www/html/coverage"
                ],
                "reset:db": [
                    "bash ./bin/reset-test-db.sh"
                ],
                "rector": [
                    "@php ./vendor/bin/rector process"
                ],
                "rector:test": [
                    "@php ./vendor/bin/rector process --dry-run"
                ],
                "php-cs-fixer": [
                    "@php ./vendor/bin/php-cs-fixer fix --config=php-cs-fixer.php"
                ],
                "php-cs-fixer:test": [
                    "@php ./vendor/bin/php-cs-fixer fix --dry-run --diff --config=php-cs-fixer.php"
                ],
                "fix": [
                    "@rector",
                    "@php-cs-fixer",
                    "@phpcbf"
                ],
                "test": [
                    "@rector:test",
                    "@php-cs-fixer:test",
                    "@phpcs",
                    "@phpstan",
                    "@phpunit"
                ]
            },
            "license": [
                "AGPL-3.0-or-later"
            ],
            "authors": [
                {
                    "name": "SYSTOPIA",
                    "email": "info@systopia.de",
                    "homepage": "https://www.systopia.de"
                }
            ],
            "description": "Reusable PHPUnit fixtures for CiviCRM-SEPA",
            "transport-options": {
                "relative": false
            }
        }
    ],
    "aliases": [],
    "minimum-stability": "dev",
    "stability-flags": {
        "systopia/civicrm-test-fixtures-sepa": 20
    },
    "prefer-stable": true,
    "prefer-lowest": false,
    "platform": {
        "php": "^8.1"
    },
    "platform-dev": {},
    "platform-overrides": {
        "php": "8.1"
    },
    "plugin-api-version": "2.9.0"
}
